// !$*UTF8*$!
{
	archiveVersion = 1;
	classes = {
	};
	objectVersion = 77;
	objects = {

/* Begin PBXBuildFile section */
		22298B172D2450BC008ECB45 /* URLSession+Extensions.swift in Sources */ = {isa = PBXBuildFile; fileRef = 22298B162D2450BC008ECB45 /* URLSession+Extensions.swift */; };
		227CA4312D230C2700D967C5 /* DatabaseManager.swift in Sources */ = {isa = PBXBuildFile; fileRef = 227CA4132D230C2700D967C5 /* DatabaseManager.swift */; };
		227CA4322D230C2700D967C5 /* NetworkManager.swift in Sources */ = {isa = PBXBuildFile; fileRef = 227CA4142D230C2700D967C5 /* NetworkManager.swift */; };
		227CA4332D230C2700D967C5 /* RSSParserDelegate.swift in Sources */ = {isa = PBXBuildFile; fileRef = 227CA4152D230C2700D967C5 /* RSSParserDelegate.swift */; };
		227CA4342D230C2700D967C5 /* RSSParserManager.swift in Sources */ = {isa = PBXBuildFile; fileRef = 227CA4162D230C2700D967C5 /* RSSParserManager.swift */; };
		227CA4352D230C2700D967C5 /* Utils.swift in Sources */ = {isa = PBXBuildFile; fileRef = 227CA4172D230C2700D967C5 /* Utils.swift */; };
		227CA4362D230C2700D967C5 /* NewsSource.swift in Sources */ = {isa = PBXBuildFile; fileRef = 227CA4192D230C2700D967C5 /* NewsSource.swift */; };
		227CA4372D230C2700D967C5 /* RSSItem.swift in Sources */ = {isa = PBXBuildFile; fileRef = 227CA41A2D230C2700D967C5 /* RSSItem.swift */; };
		227CA4382D230C2700D967C5 /* NewsListViewControllerDelegate.swift in Sources */ = {isa = PBXBuildFile; fileRef = 227CA41C2D230C2700D967C5 /* NewsListViewControllerDelegate.swift */; };
		227CA4392D230C2700D967C5 /* NewsDetailsViewController.swift in Sources */ = {isa = PBXBuildFile; fileRef = 227CA41E2D230C2700D967C5 /* NewsDetailsViewController.swift */; };
		227CA43A2D230C2700D967C5 /* NewsListViewController.swift in Sources */ = {isa = PBXBuildFile; fileRef = 227CA41F2D230C2700D967C5 /* NewsListViewController.swift */; };
		227CA43B2D230C2700D967C5 /* SettingsViewController.swift in Sources */ = {isa = PBXBuildFile; fileRef = 227CA4202D230C2700D967C5 /* SettingsViewController.swift */; };
		227CA43C2D230C2700D967C5 /* NewsCellViewModel.swift in Sources */ = {isa = PBXBuildFile; fileRef = 227CA4222D230C2700D967C5 /* NewsCellViewModel.swift */; };
		227CA43D2D230C2700D967C5 /* NewsDetailsViewControllerViewModel.swift in Sources */ = {isa = PBXBuildFile; fileRef = 227CA4242D230C2700D967C5 /* NewsDetailsViewControllerViewModel.swift */; };
		227CA43F2D230C2700D967C5 /* NewsTableViewCell.swift in Sources */ = {isa = PBXBuildFile; fileRef = 227CA4282D230C2700D967C5 /* NewsTableViewCell.swift */; };
		227CA4402D230C2700D967C5 /* CircularProgressBarView.swift in Sources */ = {isa = PBXBuildFile; fileRef = 227CA42A2D230C2700D967C5 /* CircularProgressBarView.swift */; };
		227CA4412D230C2700D967C5 /* AppDelegate.swift in Sources */ = {isa = PBXBuildFile; fileRef = 227CA42C2D230C2700D967C5 /* AppDelegate.swift */; };
		227CA4422D230C2700D967C5 /* SceneDelegate.swift in Sources */ = {isa = PBXBuildFile; fileRef = 227CA42F2D230C2700D967C5 /* SceneDelegate.swift */; };
		227CA4432D230C2700D967C5 /* Assets.xcassets in Resources */ = {isa = PBXBuildFile; fileRef = 227CA42D2D230C2700D967C5 /* Assets.xcassets */; };
		22D42F772D352DC100B3D685 /* UserDefaultsKeys.swift in Sources */ = {isa = PBXBuildFile; fileRef = 22D42F762D352DC100B3D685 /* UserDefaultsKeys.swift */; };
		22D42F792D352DF300B3D685 /* UpdateFrequencies.swift in Sources */ = {isa = PBXBuildFile; fileRef = 22D42F782D352DF300B3D685 /* UpdateFrequencies.swift */; };
		22F70E602D25B5780020C807 /* ImageCacheManager.swift in Sources */ = {isa = PBXBuildFile; fileRef = 22F70E5F2D25B5780020C807 /* ImageCacheManager.swift */; };
		22F70E642D2705780020C807 /* NewsListViewControllerViewModel.swift in Sources */ = {isa = PBXBuildFile; fileRef = 22F70E632D2705780020C807 /* NewsListViewControllerViewModel.swift */; };
		22F70E662D2C251A0020C807 /* NSNotificationName+Extensions.swift in Sources */ = {isa = PBXBuildFile; fileRef = 22F70E652D2C251A0020C807 /* NSNotificationName+Extensions.swift */; };
		22F70E682D31673D0020C807 /* SettingsViewControllerViewModel.swift in Sources */ = {isa = PBXBuildFile; fileRef = 22F70E672D31673D0020C807 /* SettingsViewControllerViewModel.swift */; };
		22F70E6A2D317A180020C807 /* UINavigationController+Extensions.swift in Sources */ = {isa = PBXBuildFile; fileRef = 22F70E692D317A180020C807 /* UINavigationController+Extensions.swift */; };
		22F70E6C2D3450E50020C807 /* String+Extensions.swift in Sources */ = {isa = PBXBuildFile; fileRef = 22F70E6B2D3450E50020C807 /* String+Extensions.swift */; };
		7270065CE8C4DDE4A8DB49EF /* Pods_NewsParser.framework in Frameworks */ = {isa = PBXBuildFile; fileRef = 616DE3B8062CC4402626EE7C /* Pods_NewsParser.framework */; };
/* End PBXBuildFile section */

/* Begin PBXFileReference section */
		22298B162D2450BC008ECB45 /* URLSession+Extensions.swift */ = {isa = PBXFileReference; lastKnownFileType = sourcecode.swift; path = "URLSession+Extensions.swift"; sourceTree = "<group>"; };
		227CA4132D230C2700D967C5 /* DatabaseManager.swift */ = {isa = PBXFileReference; lastKnownFileType = sourcecode.swift; path = DatabaseManager.swift; sourceTree = "<group>"; };
		227CA4142D230C2700D967C5 /* NetworkManager.swift */ = {isa = PBXFileReference; lastKnownFileType = sourcecode.swift; path = NetworkManager.swift; sourceTree = "<group>"; };
		227CA4152D230C2700D967C5 /* RSSParserDelegate.swift */ = {isa = PBXFileReference; lastKnownFileType = sourcecode.swift; path = RSSParserDelegate.swift; sourceTree = "<group>"; };
		227CA4162D230C2700D967C5 /* RSSParserManager.swift */ = {isa = PBXFileReference; lastKnownFileType = sourcecode.swift; path = RSSParserManager.swift; sourceTree = "<group>"; };
		227CA4172D230C2700D967C5 /* Utils.swift */ = {isa = PBXFileReference; lastKnownFileType = sourcecode.swift; path = Utils.swift; sourceTree = "<group>"; };
		227CA4192D230C2700D967C5 /* NewsSource.swift */ = {isa = PBXFileReference; lastKnownFileType = sourcecode.swift; path = NewsSource.swift; sourceTree = "<group>"; };
		227CA41A2D230C2700D967C5 /* RSSItem.swift */ = {isa = PBXFileReference; lastKnownFileType = sourcecode.swift; path = RSSItem.swift; sourceTree = "<group>"; };
		227CA41C2D230C2700D967C5 /* NewsListViewControllerDelegate.swift */ = {isa = PBXFileReference; lastKnownFileType = sourcecode.swift; path = NewsListViewControllerDelegate.swift; sourceTree = "<group>"; };
		227CA41E2D230C2700D967C5 /* NewsDetailsViewController.swift */ = {isa = PBXFileReference; lastKnownFileType = sourcecode.swift; path = NewsDetailsViewController.swift; sourceTree = "<group>"; };
		227CA41F2D230C2700D967C5 /* NewsListViewController.swift */ = {isa = PBXFileReference; lastKnownFileType = sourcecode.swift; path = NewsListViewController.swift; sourceTree = "<group>"; };
		227CA4202D230C2700D967C5 /* SettingsViewController.swift */ = {isa = PBXFileReference; lastKnownFileType = sourcecode.swift; path = SettingsViewController.swift; sourceTree = "<group>"; };
		227CA4222D230C2700D967C5 /* NewsCellViewModel.swift */ = {isa = PBXFileReference; lastKnownFileType = sourcecode.swift; path = NewsCellViewModel.swift; sourceTree = "<group>"; };
		227CA4242D230C2700D967C5 /* NewsDetailsViewControllerViewModel.swift */ = {isa = PBXFileReference; lastKnownFileType = sourcecode.swift; path = NewsDetailsViewControllerViewModel.swift; sourceTree = "<group>"; };
		227CA4282D230C2700D967C5 /* NewsTableViewCell.swift */ = {isa = PBXFileReference; lastKnownFileType = sourcecode.swift; path = NewsTableViewCell.swift; sourceTree = "<group>"; };
		227CA42A2D230C2700D967C5 /* CircularProgressBarView.swift */ = {isa = PBXFileReference; lastKnownFileType = sourcecode.swift; path = CircularProgressBarView.swift; sourceTree = "<group>"; };
		227CA42C2D230C2700D967C5 /* AppDelegate.swift */ = {isa = PBXFileReference; lastKnownFileType = sourcecode.swift; path = AppDelegate.swift; sourceTree = "<group>"; };
		227CA42D2D230C2700D967C5 /* Assets.xcassets */ = {isa = PBXFileReference; lastKnownFileType = folder.assetcatalog; path = Assets.xcassets; sourceTree = "<group>"; };
		227CA42E2D230C2700D967C5 /* Info.plist */ = {isa = PBXFileReference; lastKnownFileType = text.plist.xml; path = Info.plist; sourceTree = "<group>"; };
		227CA42F2D230C2700D967C5 /* SceneDelegate.swift */ = {isa = PBXFileReference; lastKnownFileType = sourcecode.swift; path = SceneDelegate.swift; sourceTree = "<group>"; };
		227CA4462D23137800D967C5 /* Realm.framework */ = {isa = PBXFileReference; explicitFileType = wrapper.framework; path = Realm.framework; sourceTree = BUILT_PRODUCTS_DIR; };
		227CA4482D23137800D967C5 /* RealmSwift.framework */ = {isa = PBXFileReference; explicitFileType = wrapper.framework; path = RealmSwift.framework; sourceTree = BUILT_PRODUCTS_DIR; };
		22D42F762D352DC100B3D685 /* UserDefaultsKeys.swift */ = {isa = PBXFileReference; lastKnownFileType = sourcecode.swift; path = UserDefaultsKeys.swift; sourceTree = "<group>"; };
		22D42F782D352DF300B3D685 /* UpdateFrequencies.swift */ = {isa = PBXFileReference; lastKnownFileType = sourcecode.swift; path = UpdateFrequencies.swift; sourceTree = "<group>"; };
		22EFD9AD2D18A6D900E8B1AF /* NewsParser.app */ = {isa = PBXFileReference; explicitFileType = wrapper.application; includeInIndex = 0; path = NewsParser.app; sourceTree = BUILT_PRODUCTS_DIR; };
		22F70E5F2D25B5780020C807 /* ImageCacheManager.swift */ = {isa = PBXFileReference; lastKnownFileType = sourcecode.swift; path = ImageCacheManager.swift; sourceTree = "<group>"; };
		22F70E632D2705780020C807 /* NewsListViewControllerViewModel.swift */ = {isa = PBXFileReference; lastKnownFileType = sourcecode.swift; path = NewsListViewControllerViewModel.swift; sourceTree = "<group>"; };
		22F70E652D2C251A0020C807 /* NSNotificationName+Extensions.swift */ = {isa = PBXFileReference; lastKnownFileType = sourcecode.swift; path = "NSNotificationName+Extensions.swift"; sourceTree = "<group>"; };
		22F70E672D31673D0020C807 /* SettingsViewControllerViewModel.swift */ = {isa = PBXFileReference; lastKnownFileType = sourcecode.swift; path = SettingsViewControllerViewModel.swift; sourceTree = "<group>"; };
		22F70E692D317A180020C807 /* UINavigationController+Extensions.swift */ = {isa = PBXFileReference; lastKnownFileType = sourcecode.swift; path = "UINavigationController+Extensions.swift"; sourceTree = "<group>"; };
		22F70E6B2D3450E50020C807 /* String+Extensions.swift */ = {isa = PBXFileReference; lastKnownFileType = sourcecode.swift; path = "String+Extensions.swift"; sourceTree = "<group>"; };
		577A6B1F0D96FE9FC7F74970 /* Pods-NewsParser.release.xcconfig */ = {isa = PBXFileReference; includeInIndex = 1; lastKnownFileType = text.xcconfig; name = "Pods-NewsParser.release.xcconfig"; path = "Target Support Files/Pods-NewsParser/Pods-NewsParser.release.xcconfig"; sourceTree = "<group>"; };
		616DE3B8062CC4402626EE7C /* Pods_NewsParser.framework */ = {isa = PBXFileReference; explicitFileType = wrapper.framework; includeInIndex = 0; path = Pods_NewsParser.framework; sourceTree = BUILT_PRODUCTS_DIR; };
		A3FF48DC207038B6965543D6 /* Pods-NewsParser.debug.xcconfig */ = {isa = PBXFileReference; includeInIndex = 1; lastKnownFileType = text.xcconfig; name = "Pods-NewsParser.debug.xcconfig"; path = "Target Support Files/Pods-NewsParser/Pods-NewsParser.debug.xcconfig"; sourceTree = "<group>"; };
/* End PBXFileReference section */

/* Begin PBXFrameworksBuildPhase section */
		22EFD9AA2D18A6D900E8B1AF /* Frameworks */ = {
			isa = PBXFrameworksBuildPhase;
			buildActionMask = 2147483647;
			files = (
				7270065CE8C4DDE4A8DB49EF /* Pods_NewsParser.framework in Frameworks */,
			);
			runOnlyForDeploymentPostprocessing = 0;
		};
/* End PBXFrameworksBuildPhase section */

/* Begin PBXGroup section */
		22298B152D24508E008ECB45 /* Extensions */ = {
			isa = PBXGroup;
			children = (
				22298B162D2450BC008ECB45 /* URLSession+Extensions.swift */,
				22F70E652D2C251A0020C807 /* NSNotificationName+Extensions.swift */,
				22F70E692D317A180020C807 /* UINavigationController+Extensions.swift */,
				22F70E6B2D3450E50020C807 /* String+Extensions.swift */,
			);
			path = Extensions;
			sourceTree = "<group>";
		};
		227CA4182D230C2700D967C5 /* Managers */ = {
			isa = PBXGroup;
			children = (
				227CA4132D230C2700D967C5 /* DatabaseManager.swift */,
				227CA4142D230C2700D967C5 /* NetworkManager.swift */,
				227CA4152D230C2700D967C5 /* RSSParserDelegate.swift */,
				227CA4162D230C2700D967C5 /* RSSParserManager.swift */,
				227CA4172D230C2700D967C5 /* Utils.swift */,
				22F70E5F2D25B5780020C807 /* ImageCacheManager.swift */,
			);
			path = Managers;
			sourceTree = "<group>";
		};
		227CA41B2D230C2700D967C5 /* Models */ = {
			isa = PBXGroup;
			children = (
				227CA4192D230C2700D967C5 /* NewsSource.swift */,
				227CA41A2D230C2700D967C5 /* RSSItem.swift */,
			);
			path = Models;
			sourceTree = "<group>";
		};
		227CA41D2D230C2700D967C5 /* Protocols */ = {
			isa = PBXGroup;
			children = (
				227CA41C2D230C2700D967C5 /* NewsListViewControllerDelegate.swift */,
			);
			path = Protocols;
			sourceTree = "<group>";
		};
		227CA4212D230C2700D967C5 /* ViewControllers */ = {
			isa = PBXGroup;
			children = (
				227CA41E2D230C2700D967C5 /* NewsDetailsViewController.swift */,
				227CA41F2D230C2700D967C5 /* NewsListViewController.swift */,
				227CA4202D230C2700D967C5 /* SettingsViewController.swift */,
			);
			path = ViewControllers;
			sourceTree = "<group>";
		};
		227CA4232D230C2700D967C5 /* Cells */ = {
			isa = PBXGroup;
			children = (
				227CA4222D230C2700D967C5 /* NewsCellViewModel.swift */,
			);
			path = Cells;
			sourceTree = "<group>";
		};
		227CA4262D230C2700D967C5 /* ViewControllers */ = {
			isa = PBXGroup;
			children = (
				22F70E632D2705780020C807 /* NewsListViewControllerViewModel.swift */,
				227CA4242D230C2700D967C5 /* NewsDetailsViewControllerViewModel.swift */,
				22F70E672D31673D0020C807 /* SettingsViewControllerViewModel.swift */,
			);
			path = ViewControllers;
			sourceTree = "<group>";
		};
		227CA4272D230C2700D967C5 /* ViewModels */ = {
			isa = PBXGroup;
			children = (
				227CA4232D230C2700D967C5 /* Cells */,
				227CA4262D230C2700D967C5 /* ViewControllers */,
			);
			path = ViewModels;
			sourceTree = "<group>";
		};
		227CA4292D230C2700D967C5 /* Cells */ = {
			isa = PBXGroup;
			children = (
				227CA4282D230C2700D967C5 /* NewsTableViewCell.swift */,
			);
			path = Cells;
			sourceTree = "<group>";
		};
		227CA42B2D230C2700D967C5 /* Views */ = {
			isa = PBXGroup;
			children = (
				227CA4292D230C2700D967C5 /* Cells */,
				227CA42A2D230C2700D967C5 /* CircularProgressBarView.swift */,
			);
			path = Views;
			sourceTree = "<group>";
		};
		227CA4302D230C2700D967C5 /* NewsParser */ = {
			isa = PBXGroup;
			children = (
				22D42F752D352DAF00B3D685 /* Enums */,
				22298B152D24508E008ECB45 /* Extensions */,
				227CA4182D230C2700D967C5 /* Managers */,
				227CA41B2D230C2700D967C5 /* Models */,
				227CA41D2D230C2700D967C5 /* Protocols */,
				227CA4212D230C2700D967C5 /* ViewControllers */,
				227CA4272D230C2700D967C5 /* ViewModels */,
				227CA42B2D230C2700D967C5 /* Views */,
				227CA42C2D230C2700D967C5 /* AppDelegate.swift */,
				227CA42D2D230C2700D967C5 /* Assets.xcassets */,
				227CA42E2D230C2700D967C5 /* Info.plist */,
				227CA42F2D230C2700D967C5 /* SceneDelegate.swift */,
			);
			path = NewsParser;
			sourceTree = "<group>";
		};
		22D42F752D352DAF00B3D685 /* Enums */ = {
			isa = PBXGroup;
			children = (
				22D42F762D352DC100B3D685 /* UserDefaultsKeys.swift */,
				22D42F782D352DF300B3D685 /* UpdateFrequencies.swift */,
			);
			path = Enums;
			sourceTree = "<group>";
		};
		22EFD9A42D18A6D800E8B1AF = {
			isa = PBXGroup;
			children = (
				227CA4302D230C2700D967C5 /* NewsParser */,
				22EFD9AE2D18A6D900E8B1AF /* Products */,
				8F5B5C0FC84B22E826684C93 /* Pods */,
				E59CDB469CD377F319C1330E /* Frameworks */,
			);
			sourceTree = "<group>";
		};
		22EFD9AE2D18A6D900E8B1AF /* Products */ = {
			isa = PBXGroup;
			children = (
				22EFD9AD2D18A6D900E8B1AF /* NewsParser.app */,
			);
			name = Products;
			sourceTree = "<group>";
		};
		8F5B5C0FC84B22E826684C93 /* Pods */ = {
			isa = PBXGroup;
			children = (
				A3FF48DC207038B6965543D6 /* Pods-NewsParser.debug.xcconfig */,
				577A6B1F0D96FE9FC7F74970 /* Pods-NewsParser.release.xcconfig */,
			);
			path = Pods;
			sourceTree = "<group>";
		};
		E59CDB469CD377F319C1330E /* Frameworks */ = {
			isa = PBXGroup;
			children = (
				227CA4462D23137800D967C5 /* Realm.framework */,
				227CA4482D23137800D967C5 /* RealmSwift.framework */,
				616DE3B8062CC4402626EE7C /* Pods_NewsParser.framework */,
			);
			name = Frameworks;
			sourceTree = "<group>";
		};
/* End PBXGroup section */

/* Begin PBXNativeTarget section */
		22EFD9AC2D18A6D900E8B1AF /* NewsParser */ = {
			isa = PBXNativeTarget;
			buildConfigurationList = 22EFD9C02D18A70700E8B1AF /* Build configuration list for PBXNativeTarget "NewsParser" */;
			buildPhases = (
				08496AB6D031A46C763929C2 /* [CP] Check Pods Manifest.lock */,
				22EFD9A92D18A6D900E8B1AF /* Sources */,
				22EFD9AA2D18A6D900E8B1AF /* Frameworks */,
				22EFD9AB2D18A6D900E8B1AF /* Resources */,
				3CA67DCC81527DE6E186BC32 /* [CP] Embed Pods Frameworks */,
			);
			buildRules = (
			);
			dependencies = (
			);
			name = NewsParser;
			productName = NewsParser;
			productReference = 22EFD9AD2D18A6D900E8B1AF /* NewsParser.app */;
			productType = "com.apple.product-type.application";
		};
/* End PBXNativeTarget section */

/* Begin PBXProject section */
		22EFD9A52D18A6D900E8B1AF /* Project object */ = {
			isa = PBXProject;
			attributes = {
				BuildIndependentTargetsInParallel = 1;
				LastSwiftUpdateCheck = 1620;
				LastUpgradeCheck = 1620;
				TargetAttributes = {
					22EFD9AC2D18A6D900E8B1AF = {
						CreatedOnToolsVersion = 16.2;
					};
				};
			};
			buildConfigurationList = 22EFD9A82D18A6D900E8B1AF /* Build configuration list for PBXProject "NewsParser" */;
			developmentRegion = en;
			hasScannedForEncodings = 0;
			knownRegions = (
				en,
				Base,
			);
			mainGroup = 22EFD9A42D18A6D800E8B1AF;
			minimizedProjectReferenceProxies = 1;
			preferredProjectObjectVersion = 77;
			productRefGroup = 22EFD9AE2D18A6D900E8B1AF /* Products */;
			projectDirPath = "";
			projectRoot = "";
			targets = (
				22EFD9AC2D18A6D900E8B1AF /* NewsParser */,
			);
		};
/* End PBXProject section */

/* Begin PBXResourcesBuildPhase section */
		22EFD9AB2D18A6D900E8B1AF /* Resources */ = {
			isa = PBXResourcesBuildPhase;
			buildActionMask = 2147483647;
			files = (
				227CA4432D230C2700D967C5 /* Assets.xcassets in Resources */,
			);
			runOnlyForDeploymentPostprocessing = 0;
		};
/* End PBXResourcesBuildPhase section */

/* Begin PBXShellScriptBuildPhase section */
		08496AB6D031A46C763929C2 /* [CP] Check Pods Manifest.lock */ = {
			isa = PBXShellScriptBuildPhase;
			buildActionMask = 2147483647;
			files = (
			);
			inputFileListPaths = (
			);
			inputPaths = (
				"${PODS_PODFILE_DIR_PATH}/Podfile.lock",
				"${PODS_ROOT}/Manifest.lock",
			);
			name = "[CP] Check Pods Manifest.lock";
			outputFileListPaths = (
			);
			outputPaths = (
				"$(DERIVED_FILE_DIR)/Pods-NewsParser-checkManifestLockResult.txt",
			);
			runOnlyForDeploymentPostprocessing = 0;
			shellPath = /bin/sh;
			shellScript = "diff \"${PODS_PODFILE_DIR_PATH}/Podfile.lock\" \"${PODS_ROOT}/Manifest.lock\" > /dev/null\nif [ $? != 0 ] ; then\n    # print error to STDERR\n    echo \"error: The sandbox is not in sync with the Podfile.lock. Run 'pod install' or update your CocoaPods installation.\" >&2\n    exit 1\nfi\n# This output is used by Xcode 'outputs' to avoid re-running this script phase.\necho \"SUCCESS\" > \"${SCRIPT_OUTPUT_FILE_0}\"\n";
			showEnvVarsInLog = 0;
		};
		3CA67DCC81527DE6E186BC32 /* [CP] Embed Pods Frameworks */ = {
			isa = PBXShellScriptBuildPhase;
			buildActionMask = 2147483647;
			files = (
			);
			inputFileListPaths = (
				"${PODS_ROOT}/Target Support Files/Pods-NewsParser/Pods-NewsParser-frameworks-${CONFIGURATION}-input-files.xcfilelist",
			);
			name = "[CP] Embed Pods Frameworks";
			outputFileListPaths = (
				"${PODS_ROOT}/Target Support Files/Pods-NewsParser/Pods-NewsParser-frameworks-${CONFIGURATION}-output-files.xcfilelist",
			);
			runOnlyForDeploymentPostprocessing = 0;
			shellPath = /bin/sh;
			shellScript = "\"${PODS_ROOT}/Target Support Files/Pods-NewsParser/Pods-NewsParser-frameworks.sh\"\n";
			showEnvVarsInLog = 0;
		};
/* End PBXShellScriptBuildPhase section */

/* Begin PBXSourcesBuildPhase section */
		22EFD9A92D18A6D900E8B1AF /* Sources */ = {
			isa = PBXSourcesBuildPhase;
			buildActionMask = 2147483647;
			files = (
				227CA4312D230C2700D967C5 /* DatabaseManager.swift in Sources */,
				227CA4322D230C2700D967C5 /* NetworkManager.swift in Sources */,
				22F70E642D2705780020C807 /* NewsListViewControllerViewModel.swift in Sources */,
				22D42F792D352DF300B3D685 /* UpdateFrequencies.swift in Sources */,
				227CA4332D230C2700D967C5 /* RSSParserDelegate.swift in Sources */,
				22F70E6C2D3450E50020C807 /* String+Extensions.swift in Sources */,
				227CA4342D230C2700D967C5 /* RSSParserManager.swift in Sources */,
				227CA4352D230C2700D967C5 /* Utils.swift in Sources */,
				227CA4362D230C2700D967C5 /* NewsSource.swift in Sources */,
				227CA4372D230C2700D967C5 /* RSSItem.swift in Sources */,
				22F70E682D31673D0020C807 /* SettingsViewControllerViewModel.swift in Sources */,
				22298B172D2450BC008ECB45 /* URLSession+Extensions.swift in Sources */,
				22F70E662D2C251A0020C807 /* NSNotificationName+Extensions.swift in Sources */,
				22D42F772D352DC100B3D685 /* UserDefaultsKeys.swift in Sources */,
				227CA4382D230C2700D967C5 /* NewsListViewControllerDelegate.swift in Sources */,
				227CA4392D230C2700D967C5 /* NewsDetailsViewController.swift in Sources */,
				22F70E6A2D317A180020C807 /* UINavigationController+Extensions.swift in Sources */,
				227CA43A2D230C2700D967C5 /* NewsListViewController.swift in Sources */,
				227CA43B2D230C2700D967C5 /* SettingsViewController.swift in Sources */,
				22F70E602D25B5780020C807 /* ImageCacheManager.swift in Sources */,
				227CA43C2D230C2700D967C5 /* NewsCellViewModel.swift in Sources */,
				227CA43D2D230C2700D967C5 /* NewsDetailsViewControllerViewModel.swift in Sources */,
				227CA43F2D230C2700D967C5 /* NewsTableViewCell.swift in Sources */,
				227CA4402D230C2700D967C5 /* CircularProgressBarView.swift in Sources */,
				227CA4412D230C2700D967C5 /* AppDelegate.swift in Sources */,
				227CA4422D230C2700D967C5 /* SceneDelegate.swift in Sources */,
			);
			runOnlyForDeploymentPostprocessing = 0;
		};
/* End PBXSourcesBuildPhase section */

/* Begin XCBuildConfiguration section */
		22EFD9C12D18A70700E8B1AF /* Debug */ = {
			isa = XCBuildConfiguration;
			baseConfigurationReference = A3FF48DC207038B6965543D6 /* Pods-NewsParser.debug.xcconfig */;
			buildSettings = {
				ASSETCATALOG_COMPILER_APPICON_NAME = AppIcon;
				ASSETCATALOG_COMPILER_GLOBAL_ACCENT_COLOR_NAME = AccentColor;
				CODE_SIGN_STYLE = Automatic;
				CURRENT_PROJECT_VERSION = 1;
				DEVELOPMENT_TEAM = RFXP49RW3F;
				ENABLE_USER_SCRIPT_SANDBOXING = NO;
				GENERATE_INFOPLIST_FILE = YES;
				INFOPLIST_FILE = NewsParser/Info.plist;
				INFOPLIST_KEY_UIApplicationSupportsIndirectInputEvents = YES;
				INFOPLIST_KEY_UILaunchStoryboardName = LaunchScreen;
				INFOPLIST_KEY_UISupportedInterfaceOrientations_iPad = "UIInterfaceOrientationPortrait UIInterfaceOrientationPortraitUpsideDown UIInterfaceOrientationLandscapeLeft UIInterfaceOrientationLandscapeRight";
				INFOPLIST_KEY_UISupportedInterfaceOrientations_iPhone = "UIInterfaceOrientationPortrait UIInterfaceOrientationLandscapeLeft UIInterfaceOrientationLandscapeRight";
				IPHONEOS_DEPLOYMENT_TARGET = 15.6;
				LD_RUNPATH_SEARCH_PATHS = (
					"$(inherited)",
					"@executable_path/Frameworks",
				);
				MARKETING_VERSION = 1.0;
				PRODUCT_BUNDLE_IDENTIFIER = com.rsprikut.NewsParser;
				PRODUCT_NAME = "$(TARGET_NAME)";
				SWIFT_EMIT_LOC_STRINGS = YES;
				SWIFT_VERSION = 5.0;
				TARGETED_DEVICE_FAMILY = "1,2";
			};
			name = Debug;
		};
		22EFD9C22D18A70700E8B1AF /* Release */ = {
			isa = XCBuildConfiguration;
			baseConfigurationReference = 577A6B1F0D96FE9FC7F74970 /* Pods-NewsParser.release.xcconfig */;
			buildSettings = {
				ASSETCATALOG_COMPILER_APPICON_NAME = AppIcon;
				ASSETCATALOG_COMPILER_GLOBAL_ACCENT_COLOR_NAME = AccentColor;
				CODE_SIGN_STYLE = Automatic;
				CURRENT_PROJECT_VERSION = 1;
				DEVELOPMENT_TEAM = RFXP49RW3F;
				ENABLE_USER_SCRIPT_SANDBOXING = NO;
				GENERATE_INFOPLIST_FILE = YES;
				INFOPLIST_FILE = NewsParser/Info.plist;
				INFOPLIST_KEY_UIApplicationSupportsIndirectInputEvents = YES;
				INFOPLIST_KEY_UILaunchStoryboardName = LaunchScreen;
				INFOPLIST_KEY_UISupportedInterfaceOrientations_iPad = "UIInterfaceOrientationPortrait UIInterfaceOrientationPortraitUpsideDown UIInterfaceOrientationLandscapeLeft UIInterfaceOrientationLandscapeRight";
				INFOPLIST_KEY_UISupportedInterfaceOrientations_iPhone = "UIInterfaceOrientationPortrait UIInterfaceOrientationLandscapeLeft UIInterfaceOrientationLandscapeRight";
				IPHONEOS_DEPLOYMENT_TARGET = 15.6;
				LD_RUNPATH_SEARCH_PATHS = (
					"$(inherited)",
					"@executable_path/Frameworks",
				);
				MARKETING_VERSION = 1.0;
				PRODUCT_BUNDLE_IDENTIFIER = com.rsprikut.NewsParser;
				PRODUCT_NAME = "$(TARGET_NAME)";
				SWIFT_EMIT_LOC_STRINGS = YES;
				SWIFT_VERSION = 5.0;
				TARGETED_DEVICE_FAMILY = "1,2";
			};
			name = Release;
		};
		22EFD9C32D18A70700E8B1AF /* Debug */ = {
			isa = XCBuildConfiguration;
			buildSettings = {
				ALWAYS_SEARCH_USER_PATHS = NO;
				ASSETCATALOG_COMPILER_GENERATE_SWIFT_ASSET_SYMBOL_EXTENSIONS = YES;
				CLANG_ANALYZER_NONNULL = YES;
				CLANG_ANALYZER_NUMBER_OBJECT_CONVERSION = YES_AGGRESSIVE;
				CLANG_CXX_LANGUAGE_STANDARD = "gnu++20";
				CLANG_ENABLE_MODULES = YES;
				CLANG_ENABLE_OBJC_ARC = YES;
				CLANG_ENABLE_OBJC_WEAK = YES;
				CLANG_WARN_BLOCK_CAPTURE_AUTORELEASING = YES;
				CLANG_WARN_BOOL_CONVERSION = YES;
				CLANG_WARN_COMMA = YES;
				CLANG_WARN_CONSTANT_CONVERSION = YES;
				CLANG_WARN_DEPRECATED_OBJC_IMPLEMENTATIONS = YES;
				CLANG_WARN_DIRECT_OBJC_ISA_USAGE = YES_ERROR;
				CLANG_WARN_DOCUMENTATION_COMMENTS = YES;
				CLANG_WARN_EMPTY_BODY = YES;
				CLANG_WARN_ENUM_CONVERSION = YES;
				CLANG_WARN_INFINITE_RECURSION = YES;
				CLANG_WARN_INT_CONVERSION = YES;
				CLANG_WARN_NON_LITERAL_NULL_CONVERSION = YES;
				CLANG_WARN_OBJC_IMPLICIT_RETAIN_SELF = YES;
				CLANG_WARN_OBJC_LITERAL_CONVERSION = YES;
				CLANG_WARN_OBJC_ROOT_CLASS = YES_ERROR;
				CLANG_WARN_QUOTED_INCLUDE_IN_FRAMEWORK_HEADER = YES;
				CLANG_WARN_RANGE_LOOP_ANALYSIS = YES;
				CLANG_WARN_STRICT_PROTOTYPES = YES;
				CLANG_WARN_SUSPICIOUS_MOVE = YES;
				CLANG_WARN_UNGUARDED_AVAILABILITY = YES_AGGRESSIVE;
				CLANG_WARN_UNREACHABLE_CODE = YES;
				CLANG_WARN__DUPLICATE_METHOD_MATCH = YES;
				COPY_PHASE_STRIP = NO;
				DEBUG_INFORMATION_FORMAT = dwarf;
				ENABLE_STRICT_OBJC_MSGSEND = YES;
				ENABLE_TESTABILITY = YES;
				ENABLE_USER_SCRIPT_SANDBOXING = YES;
				GCC_C_LANGUAGE_STANDARD = gnu17;
				GCC_DYNAMIC_NO_PIC = NO;
				GCC_NO_COMMON_BLOCKS = YES;
				GCC_OPTIMIZATION_LEVEL = 0;
				GCC_PREPROCESSOR_DEFINITIONS = (
					"DEBUG=1",
					"$(inherited)",
				);
				GCC_WARN_64_TO_32_BIT_CONVERSION = YES;
				GCC_WARN_ABOUT_RETURN_TYPE = YES_ERROR;
				GCC_WARN_UNDECLARED_SELECTOR = YES;
				GCC_WARN_UNINITIALIZED_AUTOS = YES_AGGRESSIVE;
				GCC_WARN_UNUSED_FUNCTION = YES;
				GCC_WARN_UNUSED_VARIABLE = YES;
				IPHONEOS_DEPLOYMENT_TARGET = 18.2;
				LOCALIZATION_PREFERS_STRING_CATALOGS = YES;
				MTL_ENABLE_DEBUG_INFO = INCLUDE_SOURCE;
				MTL_FAST_MATH = YES;
				ONLY_ACTIVE_ARCH = YES;
				SDKROOT = iphoneos;
				SWIFT_ACTIVE_COMPILATION_CONDITIONS = "DEBUG $(inherited)";
				SWIFT_OPTIMIZATION_LEVEL = "-Onone";
			};
			name = Debug;
		};
		22EFD9C42D18A70700E8B1AF /* Release */ = {
			isa = XCBuildConfiguration;
			buildSettings = {
				ALWAYS_SEARCH_USER_PATHS = NO;
				ASSETCATALOG_COMPILER_GENERATE_SWIFT_ASSET_SYMBOL_EXTENSIONS = YES;
				CLANG_ANALYZER_NONNULL = YES;
				CLANG_ANALYZER_NUMBER_OBJECT_CONVERSION = YES_AGGRESSIVE;
				CLANG_CXX_LANGUAGE_STANDARD = "gnu++20";
				CLANG_ENABLE_MODULES = YES;
				CLANG_ENABLE_OBJC_ARC = YES;
				CLANG_ENABLE_OBJC_WEAK = YES;
				CLANG_WARN_BLOCK_CAPTURE_AUTORELEASING = YES;
				CLANG_WARN_BOOL_CONVERSION = YES;
				CLANG_WARN_COMMA = YES;
				CLANG_WARN_CONSTANT_CONVERSION = YES;
				CLANG_WARN_DEPRECATED_OBJC_IMPLEMENTATIONS = YES;
				CLANG_WARN_DIRECT_OBJC_ISA_USAGE = YES_ERROR;
				CLANG_WARN_DOCUMENTATION_COMMENTS = YES;
				CLANG_WARN_EMPTY_BODY = YES;
				CLANG_WARN_ENUM_CONVERSION = YES;
				CLANG_WARN_INFINITE_RECURSION = YES;
				CLANG_WARN_INT_CONVERSION = YES;
				CLANG_WARN_NON_LITERAL_NULL_CONVERSION = YES;
				CLANG_WARN_OBJC_IMPLICIT_RETAIN_SELF = YES;
				CLANG_WARN_OBJC_LITERAL_CONVERSION = YES;
				CLANG_WARN_OBJC_ROOT_CLASS = YES_ERROR;
				CLANG_WARN_QUOTED_INCLUDE_IN_FRAMEWORK_HEADER = YES;
				CLANG_WARN_RANGE_LOOP_ANALYSIS = YES;
				CLANG_WARN_STRICT_PROTOTYPES = YES;
				CLANG_WARN_SUSPICIOUS_MOVE = YES;
				CLANG_WARN_UNGUARDED_AVAILABILITY = YES_AGGRESSIVE;
				CLANG_WARN_UNREACHABLE_CODE = YES;
				CLANG_WARN__DUPLICATE_METHOD_MATCH = YES;
				COPY_PHASE_STRIP = NO;
				DEBUG_INFORMATION_FORMAT = "dwarf-with-dsym";
				ENABLE_NS_ASSERTIONS = NO;
				ENABLE_STRICT_OBJC_MSGSEND = YES;
				ENABLE_USER_SCRIPT_SANDBOXING = YES;
				GCC_C_LANGUAGE_STANDARD = gnu17;
				GCC_NO_COMMON_BLOCKS = YES;
				GCC_WARN_64_TO_32_BIT_CONVERSION = YES;
				GCC_WARN_ABOUT_RETURN_TYPE = YES_ERROR;
				GCC_WARN_UNDECLARED_SELECTOR = YES;
				GCC_WARN_UNINITIALIZED_AUTOS = YES_AGGRESSIVE;
				GCC_WARN_UNUSED_FUNCTION = YES;
				GCC_WARN_UNUSED_VARIABLE = YES;
				IPHONEOS_DEPLOYMENT_TARGET = 18.2;
				LOCALIZATION_PREFERS_STRING_CATALOGS = YES;
				MTL_ENABLE_DEBUG_INFO = NO;
				MTL_FAST_MATH = YES;
				SDKROOT = iphoneos;
				SWIFT_COMPILATION_MODE = wholemodule;
				VALIDATE_PRODUCT = YES;
			};
			name = Release;
		};
/* End XCBuildConfiguration section */

/* Begin XCConfigurationList section */
		22EFD9A82D18A6D900E8B1AF /* Build configuration list for PBXProject "NewsParser" */ = {
			isa = XCConfigurationList;
			buildConfigurations = (
				22EFD9C32D18A70700E8B1AF /* Debug */,
				22EFD9C42D18A70700E8B1AF /* Release */,
			);
			defaultConfigurationIsVisible = 0;
			defaultConfigurationName = Release;
		};
		22EFD9C02D18A70700E8B1AF /* Build configuration list for PBXNativeTarget "NewsParser" */ = {
			isa = XCConfigurationList;
			buildConfigurations = (
				22EFD9C12D18A70700E8B1AF /* Debug */,
				22EFD9C22D18A70700E8B1AF /* Release */,
			);
			defaultConfigurationIsVisible = 0;
			defaultConfigurationName = Release;
		};
/* End XCConfigurationList section */
	};
	rootObject = 22EFD9A52D18A6D900E8B1AF /* Project object */;
}
